{
  "originHash" : "3cff1fd1d8662a37e277b49d45104182ec4f2dd1c39b067b16f1b684350fb697",
  "pins" : [
    {
      "identity" : "lunar-swift",
      "kind" : "remoteSourceControl",
      "location" : "https://github.com/6tail/lunar-swift.git",
      "state" : {
        "revision" : "a7ec0e9b29f84a5d98b09b9ffd31145f17470d56"
      }
    },
    {
      "identity" : "swift-syntax",
      "kind" : "remoteSourceControl",
      "location" : "https://github.com/swiftlang/swift-syntax.git",
      "state" : {
        "revision" : "4799286537280063c85a32f09884cfbca301b1a1",
        "version" : "602.0.0"
      }
    },
    {
      "identity" : "swift-testing",
      "kind" : "remoteSourceControl",
      "location" : "https://github.com/swiftlang/swift-testing.git",
      "state" : {
        "revision" : "48a471ab313e858258ab0b9b0bf2cea55a50cefb"
      }
    }
  ],
  "version" : 3
}
